// !$*UTF8*$!
{
	archiveVersion = 1;
	classes = {
	};
	objectVersion = 46;
	objects = {

/* Begin PBXBuildFile section */
		0E60BFD4D3F54657AD7B3B95 /* libPods.a in Frameworks */ = {isa = PBXBuildFile; fileRef = AEAD48D3D80C462EA712E1FA /* libPods.a */; };
		8511B1FD19E4520400F08D92 /* TwitterExtensions.swift in Sources */ = {isa = PBXBuildFile; fileRef = 8511B1FC19E4520400F08D92 /* TwitterExtensions.swift */; };
		8511B1FF19E4647600F08D92 /* TweetCell.swift in Sources */ = {isa = PBXBuildFile; fileRef = 8511B1FE19E4647600F08D92 /* TweetCell.swift */; };
		8539771219E3296F004ADCBC /* TwitterClient.swift in Sources */ = {isa = PBXBuildFile; fileRef = 8539771119E3296F004ADCBC /* TwitterClient.swift */; };
		8539771519E35088004ADCBC /* User.swift in Sources */ = {isa = PBXBuildFile; fileRef = 8539771419E35088004ADCBC /* User.swift */; };
		8539771719E35096004ADCBC /* Tweet.swift in Sources */ = {isa = PBXBuildFile; fileRef = 8539771619E35096004ADCBC /* Tweet.swift */; };
		8539771919E36098004ADCBC /* TweetsViewController.swift in Sources */ = {isa = PBXBuildFile; fileRef = 8539771819E36098004ADCBC /* TweetsViewController.swift */; };
		856280DC19F06E37003AED3C /* MentionViewController.swift in Sources */ = {isa = PBXBuildFile; fileRef = 856280DB19F06E37003AED3C /* MentionViewController.swift */; };
		856280DE19F0778D003AED3C /* TweetCell.xib in Resources */ = {isa = PBXBuildFile; fileRef = 856280DD19F0778D003AED3C /* TweetCell.xib */; };
		85967AA519EF71D500CD7BD7 /* MenuCell.swift in Sources */ = {isa = PBXBuildFile; fileRef = 85967AA419EF71D500CD7BD7 /* MenuCell.swift */; };
		85967AA719EF79DA00CD7BD7 /* ProfileViewController.swift in Sources */ = {isa = PBXBuildFile; fileRef = 85967AA619EF79DA00CD7BD7 /* ProfileViewController.swift */; };
		859C0EBB19E324D60084F76F /* AppDelegate.swift in Sources */ = {isa = PBXBuildFile; fileRef = 859C0EBA19E324D60084F76F /* AppDelegate.swift */; };
		859C0EBD19E324D60084F76F /* ViewController.swift in Sources */ = {isa = PBXBuildFile; fileRef = 859C0EBC19E324D60084F76F /* ViewController.swift */; };
		859C0EC019E324D60084F76F /* Main.storyboard in Resources */ = {isa = PBXBuildFile; fileRef = 859C0EBE19E324D60084F76F /* Main.storyboard */; };
		859C0EC219E324D60084F76F /* Images.xcassets in Resources */ = {isa = PBXBuildFile; fileRef = 859C0EC119E324D60084F76F /* Images.xcassets */; };
		859C0EC519E324D60084F76F /* LaunchScreen.xib in Resources */ = {isa = PBXBuildFile; fileRef = 859C0EC319E324D60084F76F /* LaunchScreen.xib */; };
		859C0ED119E324D60084F76F /* TwitterTests.swift in Sources */ = {isa = PBXBuildFile; fileRef = 859C0ED019E324D60084F76F /* TwitterTests.swift */; };
		85A893E119E5DDBC0017532B /* NewTweetViewController.swift in Sources */ = {isa = PBXBuildFile; fileRef = 85A893E019E5DDBC0017532B /* NewTweetViewController.swift */; };
		85F57FF919EF249D007D395D /* ContainerViewController.swift in Sources */ = {isa = PBXBuildFile; fileRef = 85F57FF819EF249D007D395D /* ContainerViewController.swift */; };
		85F57FFB19EF2E40007D395D /* SidePaneViewController.swift in Sources */ = {isa = PBXBuildFile; fileRef = 85F57FFA19EF2E40007D395D /* SidePaneViewController.swift */; };
/* End PBXBuildFile section */

/* Begin PBXContainerItemProxy section */
		859C0ECB19E324D60084F76F /* PBXContainerItemProxy */ = {
			isa = PBXContainerItemProxy;
			containerPortal = 859C0EAD19E324D60084F76F /* Project object */;
			proxyType = 1;
			remoteGlobalIDString = 859C0EB419E324D60084F76F;
			remoteInfo = Twitter;
		};
/* End PBXContainerItemProxy section */

/* Begin PBXFileReference section */
		413216B2A05643029F16F069 /* Pods.xcconfig */ = {isa = PBXFileReference; includeInIndex = 1; lastKnownFileType = text.xcconfig; name = Pods.xcconfig; path = Pods/Pods.xcconfig; sourceTree = "<group>"; };
		8511B1FC19E4520400F08D92 /* TwitterExtensions.swift */ = {isa = PBXFileReference; fileEncoding = 4; lastKnownFileType = sourcecode.swift; path = TwitterExtensions.swift; sourceTree = "<group>"; };
		8511B1FE19E4647600F08D92 /* TweetCell.swift */ = {isa = PBXFileReference; fileEncoding = 4; lastKnownFileType = sourcecode.swift; path = TweetCell.swift; sourceTree = "<group>"; };
		8539770D19E3289D004ADCBC /* Twitter-Bridging-Header.h */ = {isa = PBXFileReference; lastKnownFileType = sourcecode.c.h; path = "Twitter-Bridging-Header.h"; sourceTree = "<group>"; };
		8539771119E3296F004ADCBC /* TwitterClient.swift */ = {isa = PBXFileReference; fileEncoding = 4; lastKnownFileType = sourcecode.swift; path = TwitterClient.swift; sourceTree = "<group>"; };
		8539771419E35088004ADCBC /* User.swift */ = {isa = PBXFileReference; fileEncoding = 4; lastKnownFileType = sourcecode.swift; path = User.swift; sourceTree = "<group>"; };
		8539771619E35096004ADCBC /* Tweet.swift */ = {isa = PBXFileReference; fileEncoding = 4; lastKnownFileType = sourcecode.swift; path = Tweet.swift; sourceTree = "<group>"; };
		8539771819E36098004ADCBC /* TweetsViewController.swift */ = {isa = PBXFileReference; fileEncoding = 4; lastKnownFileType = sourcecode.swift; path = TweetsViewController.swift; sourceTree = "<group>"; };
		856280DB19F06E37003AED3C /* MentionViewController.swift */ = {isa = PBXFileReference; fileEncoding = 4; lastKnownFileType = sourcecode.swift; path = MentionViewController.swift; sourceTree = "<group>"; };
		856280DD19F0778D003AED3C /* TweetCell.xib */ = {isa = PBXFileReference; fileEncoding = 4; lastKnownFileType = file.xib; path = TweetCell.xib; sourceTree = "<group>"; };
		85967AA419EF71D500CD7BD7 /* MenuCell.swift */ = {isa = PBXFileReference; fileEncoding = 4; lastKnownFileType = sourcecode.swift; path = MenuCell.swift; sourceTree = "<group>"; };
		85967AA619EF79DA00CD7BD7 /* ProfileViewController.swift */ = {isa = PBXFileReference; fileEncoding = 4; lastKnownFileType = sourcecode.swift; path = ProfileViewController.swift; sourceTree = "<group>"; };
		859C0EB519E324D60084F76F /* Twitter.app */ = {isa = PBXFileReference; explicitFileType = wrapper.application; includeInIndex = 0; path = Twitter.app; sourceTree = BUILT_PRODUCTS_DIR; };
		859C0EB919E324D60084F76F /* Info.plist */ = {isa = PBXFileReference; lastKnownFileType = text.plist.xml; path = Info.plist; sourceTree = "<group>"; };
		859C0EBA19E324D60084F76F /* AppDelegate.swift */ = {isa = PBXFileReference; lastKnownFileType = sourcecode.swift; path = AppDelegate.swift; sourceTree = "<group>"; };
		859C0EBC19E324D60084F76F /* ViewController.swift */ = {isa = PBXFileReference; lastKnownFileType = sourcecode.swift; path = ViewController.swift; sourceTree = "<group>"; };
		859C0EBF19E324D60084F76F /* Base */ = {isa = PBXFileReference; lastKnownFileType = file.storyboard; name = Base; path = Base.lproj/Main.storyboard; sourceTree = "<group>"; };
		859C0EC119E324D60084F76F /* Images.xcassets */ = {isa = PBXFileReference; lastKnownFileType = folder.assetcatalog; path = Images.xcassets; sourceTree = "<group>"; };
		859C0EC419E324D60084F76F /* Base */ = {isa = PBXFileReference; lastKnownFileType = file.xib; name = Base; path = Base.lproj/LaunchScreen.xib; sourceTree = "<group>"; };
		859C0ECA19E324D60084F76F /* TwitterTests.xctest */ = {isa = PBXFileReference; explicitFileType = wrapper.cfbundle; includeInIndex = 0; path = TwitterTests.xctest; sourceTree = BUILT_PRODUCTS_DIR; };
		859C0ECF19E324D60084F76F /* Info.plist */ = {isa = PBXFileReference; lastKnownFileType = text.plist.xml; path = Info.plist; sourceTree = "<group>"; };
		859C0ED019E324D60084F76F /* TwitterTests.swift */ = {isa = PBXFileReference; lastKnownFileType = sourcecode.swift; path = TwitterTests.swift; sourceTree = "<group>"; };
		85A893E019E5DDBC0017532B /* NewTweetViewController.swift */ = {isa = PBXFileReference; fileEncoding = 4; lastKnownFileType = sourcecode.swift; path = NewTweetViewController.swift; sourceTree = "<group>"; };
		85F57FF819EF249D007D395D /* ContainerViewController.swift */ = {isa = PBXFileReference; fileEncoding = 4; lastKnownFileType = sourcecode.swift; path = ContainerViewController.swift; sourceTree = "<group>"; };
		85F57FFA19EF2E40007D395D /* SidePaneViewController.swift */ = {isa = PBXFileReference; fileEncoding = 4; lastKnownFileType = sourcecode.swift; path = SidePaneViewController.swift; sourceTree = "<group>"; };
		AEAD48D3D80C462EA712E1FA /* libPods.a */ = {isa = PBXFileReference; explicitFileType = archive.ar; includeInIndex = 0; path = libPods.a; sourceTree = BUILT_PRODUCTS_DIR; };
/* End PBXFileReference section */

/* Begin PBXFrameworksBuildPhase section */
		859C0EB219E324D60084F76F /* Frameworks */ = {
			isa = PBXFrameworksBuildPhase;
			buildActionMask = 2147483647;
			files = (
				0E60BFD4D3F54657AD7B3B95 /* libPods.a in Frameworks */,
			);
			runOnlyForDeploymentPostprocessing = 0;
		};
		859C0EC719E324D60084F76F /* Frameworks */ = {
			isa = PBXFrameworksBuildPhase;
			buildActionMask = 2147483647;
			files = (
			);
			runOnlyForDeploymentPostprocessing = 0;
		};
/* End PBXFrameworksBuildPhase section */

/* Begin PBXGroup section */
		8539771019E3290C004ADCBC /* API */ = {
			isa = PBXGroup;
			children = (
				8539771119E3296F004ADCBC /* TwitterClient.swift */,
			);
			name = API;
			sourceTree = "<group>";
		};
		8539771319E35076004ADCBC /* Models */ = {
			isa = PBXGroup;
			children = (
				8539771419E35088004ADCBC /* User.swift */,
				8539771619E35096004ADCBC /* Tweet.swift */,
			);
			name = Models;
			sourceTree = "<group>";
		};
		859C0EAC19E324D60084F76F = {
			isa = PBXGroup;
			children = (
				859C0EB719E324D60084F76F /* Twitter */,
				859C0ECD19E324D60084F76F /* TwitterTests */,
				859C0EB619E324D60084F76F /* Products */,
				413216B2A05643029F16F069 /* Pods.xcconfig */,
				93DB87F32DB84444BEAA88CD /* Frameworks */,
			);
			sourceTree = "<group>";
		};
		859C0EB619E324D60084F76F /* Products */ = {
			isa = PBXGroup;
			children = (
				859C0EB519E324D60084F76F /* Twitter.app */,
				859C0ECA19E324D60084F76F /* TwitterTests.xctest */,
			);
			name = Products;
			sourceTree = "<group>";
		};
		859C0EB719E324D60084F76F /* Twitter */ = {
			isa = PBXGroup;
			children = (
				8539771319E35076004ADCBC /* Models */,
				8539771019E3290C004ADCBC /* API */,
				859C0EBA19E324D60084F76F /* AppDelegate.swift */,
				85F57FF819EF249D007D395D /* ContainerViewController.swift */,
				859C0EBC19E324D60084F76F /* ViewController.swift */,
				8539771819E36098004ADCBC /* TweetsViewController.swift */,
				856280DB19F06E37003AED3C /* MentionViewController.swift */,
				85967AA619EF79DA00CD7BD7 /* ProfileViewController.swift */,
				85A893E019E5DDBC0017532B /* NewTweetViewController.swift */,
				85F57FFA19EF2E40007D395D /* SidePaneViewController.swift */,
				8511B1FE19E4647600F08D92 /* TweetCell.swift */,
				856280DD19F0778D003AED3C /* TweetCell.xib */,
				85967AA419EF71D500CD7BD7 /* MenuCell.swift */,
				859C0EBE19E324D60084F76F /* Main.storyboard */,
				859C0EC119E324D60084F76F /* Images.xcassets */,
				859C0EC319E324D60084F76F /* LaunchScreen.xib */,
				859C0EB819E324D60084F76F /* Supporting Files */,
				8539770D19E3289D004ADCBC /* Twitter-Bridging-Header.h */,
				8511B1FC19E4520400F08D92 /* TwitterExtensions.swift */,
			);
			path = Twitter;
			sourceTree = "<group>";
		};
		859C0EB819E324D60084F76F /* Supporting Files */ = {
			isa = PBXGroup;
			children = (
				859C0EB919E324D60084F76F /* Info.plist */,
			);
			name = "Supporting Files";
			sourceTree = "<group>";
		};
		859C0ECD19E324D60084F76F /* TwitterTests */ = {
			isa = PBXGroup;
			children = (
				859C0ED019E324D60084F76F /* TwitterTests.swift */,
				859C0ECE19E324D60084F76F /* Supporting Files */,
			);
			path = TwitterTests;
			sourceTree = "<group>";
		};
		859C0ECE19E324D60084F76F /* Supporting Files */ = {
			isa = PBXGroup;
			children = (
				859C0ECF19E324D60084F76F /* Info.plist */,
			);
			name = "Supporting Files";
			sourceTree = "<group>";
		};
		93DB87F32DB84444BEAA88CD /* Frameworks */ = {
			isa = PBXGroup;
			children = (
				AEAD48D3D80C462EA712E1FA /* libPods.a */,
			);
			name = Frameworks;
			sourceTree = "<group>";
		};
/* End PBXGroup section */

/* Begin PBXNativeTarget section */
		859C0EB419E324D60084F76F /* Twitter */ = {
			isa = PBXNativeTarget;
			buildConfigurationList = 859C0ED419E324D60084F76F /* Build configuration list for PBXNativeTarget "Twitter" */;
			buildPhases = (
				DFA655C574D542D2A343F02D /* Check Pods Manifest.lock */,
				859C0EB119E324D60084F76F /* Sources */,
				859C0EB219E324D60084F76F /* Frameworks */,
				859C0EB319E324D60084F76F /* Resources */,
				5DB137FC96924394BF25A542 /* Copy Pods Resources */,
			);
			buildRules = (
			);
			dependencies = (
			);
			name = Twitter;
			productName = Twitter;
			productReference = 859C0EB519E324D60084F76F /* Twitter.app */;
			productType = "com.apple.product-type.application";
		};
		859C0EC919E324D60084F76F /* TwitterTests */ = {
			isa = PBXNativeTarget;
			buildConfigurationList = 859C0ED719E324D60084F76F /* Build configuration list for PBXNativeTarget "TwitterTests" */;
			buildPhases = (
				859C0EC619E324D60084F76F /* Sources */,
				859C0EC719E324D60084F76F /* Frameworks */,
				859C0EC819E324D60084F76F /* Resources */,
			);
			buildRules = (
			);
			dependencies = (
				859C0ECC19E324D60084F76F /* PBXTargetDependency */,
			);
			name = TwitterTests;
			productName = TwitterTests;
			productReference = 859C0ECA19E324D60084F76F /* TwitterTests.xctest */;
			productType = "com.apple.product-type.bundle.unit-test";
		};
/* End PBXNativeTarget section */

/* Begin PBXProject section */
		859C0EAD19E324D60084F76F /* Project object */ = {
			isa = PBXProject;
			attributes = {
				LastUpgradeCheck = 0600;
				ORGANIZATIONNAME = "Ziyang Tan";
				TargetAttributes = {
					859C0EB419E324D60084F76F = {
						CreatedOnToolsVersion = 6.0.1;
					};
					859C0EC919E324D60084F76F = {
						CreatedOnToolsVersion = 6.0.1;
						TestTargetID = 859C0EB419E324D60084F76F;
					};
				};
			};
			buildConfigurationList = 859C0EB019E324D60084F76F /* Build configuration list for PBXProject "Twitter" */;
			compatibilityVersion = "Xcode 3.2";
			developmentRegion = English;
			hasScannedForEncodings = 0;
			knownRegions = (
				en,
				Base,
			);
			mainGroup = 859C0EAC19E324D60084F76F;
			productRefGroup = 859C0EB619E324D60084F76F /* Products */;
			projectDirPath = "";
			projectRoot = "";
			targets = (
				859C0EB419E324D60084F76F /* Twitter */,
				859C0EC919E324D60084F76F /* TwitterTests */,
			);
		};
/* End PBXProject section */

/* Begin PBXResourcesBuildPhase section */
		859C0EB319E324D60084F76F /* Resources */ = {
			isa = PBXResourcesBuildPhase;
			buildActionMask = 2147483647;
			files = (
				859C0EC019E324D60084F76F /* Main.storyboard in Resources */,
				859C0EC519E324D60084F76F /* LaunchScreen.xib in Resources */,
				859C0EC219E324D60084F76F /* Images.xcassets in Resources */,
				856280DE19F0778D003AED3C /* TweetCell.xib in Resources */,
			);
			runOnlyForDeploymentPostprocessing = 0;
		};
		859C0EC819E324D60084F76F /* Resources */ = {
			isa = PBXResourcesBuildPhase;
			buildActionMask = 2147483647;
			files = (
			);
			runOnlyForDeploymentPostprocessing = 0;
		};
/* End PBXResourcesBuildPhase section */

/* Begin PBXShellScriptBuildPhase section */
		5DB137FC96924394BF25A542 /* Copy Pods Resources */ = {
			isa = PBXShellScriptBuildPhase;
			buildActionMask = 2147483647;
			files = (
			);
			inputPaths = (
			);
			name = "Copy Pods Resources";
			outputPaths = (
			);
			runOnlyForDeploymentPostprocessing = 0;
			shellPath = /bin/sh;
			shellScript = "\"${SRCROOT}/Pods/Pods-resources.sh\"\n";
			showEnvVarsInLog = 0;
		};
		DFA655C574D542D2A343F02D /* Check Pods Manifest.lock */ = {
			isa = PBXShellScriptBuildPhase;
			buildActionMask = 2147483647;
			files = (
			);
			inputPaths = (
			);
			name = "Check Pods Manifest.lock";
			outputPaths = (
			);
			runOnlyForDeploymentPostprocessing = 0;
			shellPath = /bin/sh;
			shellScript = "diff \"${PODS_ROOT}/../Podfile.lock\" \"${PODS_ROOT}/Manifest.lock\" > /dev/null\nif [[ $? != 0 ]] ; then\n    cat << EOM\nerror: The sandbox is not in sync with the Podfile.lock. Run 'pod install' or update your CocoaPods installation.\nEOM\n    exit 1\nfi\n";
			showEnvVarsInLog = 0;
		};
/* End PBXShellScriptBuildPhase section */

/* Begin PBXSourcesBuildPhase section */
		859C0EB119E324D60084F76F /* Sources */ = {
			isa = PBXSourcesBuildPhase;
			buildActionMask = 2147483647;
			files = (
				8539771519E35088004ADCBC /* User.swift in Sources */,
				8539771719E35096004ADCBC /* Tweet.swift in Sources */,
				85967AA519EF71D500CD7BD7 /* MenuCell.swift in Sources */,
				85F57FF919EF249D007D395D /* ContainerViewController.swift in Sources */,
				8539771919E36098004ADCBC /* TweetsViewController.swift in Sources */,
				856280DC19F06E37003AED3C /* MentionViewController.swift in Sources */,
				8511B1FF19E4647600F08D92 /* TweetCell.swift in Sources */,
				859C0EBD19E324D60084F76F /* ViewController.swift in Sources */,
				8539771219E3296F004ADCBC /* TwitterClient.swift in Sources */,
				859C0EBB19E324D60084F76F /* AppDelegate.swift in Sources */,
				85A893E119E5DDBC0017532B /* NewTweetViewController.swift in Sources */,
				85967AA719EF79DA00CD7BD7 /* ProfileViewController.swift in Sources */,
				8511B1FD19E4520400F08D92 /* TwitterExtensions.swift in Sources */,
				85F57FFB19EF2E40007D395D /* SidePaneViewController.swift in Sources */,
			);
			runOnlyForDeploymentPostprocessing = 0;
		};
		859C0EC619E324D60084F76F /* Sources */ = {
			isa = PBXSourcesBuildPhase;
			buildActionMask = 2147483647;
			files = (
				859C0ED119E324D60084F76F /* TwitterTests.swift in Sources */,
			);
			runOnlyForDeploymentPostprocessing = 0;
		};
/* End PBXSourcesBuildPhase section */

/* Begin PBXTargetDependency section */
		859C0ECC19E324D60084F76F /* PBXTargetDependency */ = {
			isa = PBXTargetDependency;
			target = 859C0EB419E324D60084F76F /* Twitter */;
			targetProxy = 859C0ECB19E324D60084F76F /* PBXContainerItemProxy */;
		};
/* End PBXTargetDependency section */

/* Begin PBXVariantGroup section */
		859C0EBE19E324D60084F76F /* Main.storyboard */ = {
			isa = PBXVariantGroup;
			children = (
				859C0EBF19E324D60084F76F /* Base */,
			);
			name = Main.storyboard;
			sourceTree = "<group>";
		};
		859C0EC319E324D60084F76F /* LaunchScreen.xib */ = {
			isa = PBXVariantGroup;
			children = (
				859C0EC419E324D60084F76F /* Base */,
			);
			name = LaunchScreen.xib;
			sourceTree = "<group>";
		};
/* End PBXVariantGroup section */

/* Begin XCBuildConfiguration section */
		859C0ED219E324D60084F76F /* Debug */ = {
			isa = XCBuildConfiguration;
			buildSettings = {
				ALWAYS_SEARCH_USER_PATHS = NO;
				CLANG_CXX_LANGUAGE_STANDARD = "gnu++0x";
				CLANG_CXX_LIBRARY = "libc++";
				CLANG_ENABLE_MODULES = YES;
				CLANG_ENABLE_OBJC_ARC = YES;
				CLANG_WARN_BOOL_CONVERSION = YES;
				CLANG_WARN_CONSTANT_CONVERSION = YES;
				CLANG_WARN_DIRECT_OBJC_ISA_USAGE = YES_ERROR;
				CLANG_WARN_EMPTY_BODY = YES;
				CLANG_WARN_ENUM_CONVERSION = YES;
				CLANG_WARN_INT_CONVERSION = YES;
				CLANG_WARN_OBJC_ROOT_CLASS = YES_ERROR;
				CLANG_WARN_UNREACHABLE_CODE = YES;
				CLANG_WARN__DUPLICATE_METHOD_MATCH = YES;
				"CODE_SIGN_IDENTITY[sdk=iphoneos*]" = "iPhone Developer";
				COPY_PHASE_STRIP = NO;
				ENABLE_STRICT_OBJC_MSGSEND = YES;
				GCC_C_LANGUAGE_STANDARD = gnu99;
				GCC_DYNAMIC_NO_PIC = NO;
				GCC_OPTIMIZATION_LEVEL = 0;
				GCC_PREPROCESSOR_DEFINITIONS = (
					"DEBUG=1",
					"$(inherited)",
				);
				GCC_SYMBOLS_PRIVATE_EXTERN = NO;
				GCC_WARN_64_TO_32_BIT_CONVERSION = YES;
				GCC_WARN_ABOUT_RETURN_TYPE = YES_ERROR;
				GCC_WARN_UNDECLARED_SELECTOR = YES;
				GCC_WARN_UNINITIALIZED_AUTOS = YES_AGGRESSIVE;
				GCC_WARN_UNUSED_FUNCTION = YES;
				GCC_WARN_UNUSED_VARIABLE = YES;
				IPHONEOS_DEPLOYMENT_TARGET = 8.0;
				MTL_ENABLE_DEBUG_INFO = YES;
				ONLY_ACTIVE_ARCH = YES;
				SDKROOT = iphoneos;
				SWIFT_OPTIMIZATION_LEVEL = "-Onone";
				TARGETED_DEVICE_FAMILY = "1,2";
			};
			name = Debug;
		};
		859C0ED319E324D60084F76F /* Release */ = {
			isa = XCBuildConfiguration;
			buildSettings = {
				ALWAYS_SEARCH_USER_PATHS = NO;
				CLANG_CXX_LANGUAGE_STANDARD = "gnu++0x";
				CLANG_CXX_LIBRARY = "libc++";
				CLANG_ENABLE_MODULES = YES;
				CLANG_ENABLE_OBJC_ARC = YES;
				CLANG_WARN_BOOL_CONVERSION = YES;
				CLANG_WARN_CONSTANT_CONVERSION = YES;
				CLANG_WARN_DIRECT_OBJC_ISA_USAGE = YES_ERROR;
				CLANG_WARN_EMPTY_BODY = YES;
				CLANG_WARN_ENUM_CONVERSION = YES;
				CLANG_WARN_INT_CONVERSION = YES;
				CLANG_WARN_OBJC_ROOT_CLASS = YES_ERROR;
				CLANG_WARN_UNREACHABLE_CODE = YES;
				CLANG_WARN__DUPLICATE_METHOD_MATCH = YES;
				"CODE_SIGN_IDENTITY[sdk=iphoneos*]" = "iPhone Developer";
				COPY_PHASE_STRIP = YES;
				ENABLE_NS_ASSERTIONS = NO;
				ENABLE_STRICT_OBJC_MSGSEND = YES;
				GCC_C_LANGUAGE_STANDARD = gnu99;
				GCC_WARN_64_TO_32_BIT_CONVERSION = YES;
				GCC_WARN_ABOUT_RETURN_TYPE = YES_ERROR;
				GCC_WARN_UNDECLARED_SELECTOR = YES;
				GCC_WARN_UNINITIALIZED_AUTOS = YES_AGGRESSIVE;
				GCC_WARN_UNUSED_FUNCTION = YES;
				GCC_WARN_UNUSED_VARIABLE = YES;
				IPHONEOS_DEPLOYMENT_TARGET = 8.0;
				MTL_ENABLE_DEBUG_INFO = NO;
				SDKROOT = iphoneos;
				TARGETED_DEVICE_FAMILY = "1,2";
				VALIDATE_PRODUCT = YES;
			};
			name = Release;
		};
		859C0ED519E324D60084F76F /* Debug */ = {
			isa = XCBuildConfiguration;
			baseConfigurationReference = 413216B2A05643029F16F069 /* Pods.xcconfig */;
			buildSettings = {
				ASSETCATALOG_COMPILER_APPICON_NAME = AppIcon;
				CLANG_ENABLE_MODULES = YES;
				INFOPLIST_FILE = Twitter/Info.plist;
				LD_RUNPATH_SEARCH_PATHS = "$(inherited) @executable_path/Frameworks";
				PRODUCT_NAME = "$(TARGET_NAME)";
				SWIFT_OBJC_BRIDGING_HEADER = "Twitter/Twitter-Bridging-Header.h";
				SWIFT_OPTIMIZATION_LEVEL = "-Onone";
			};
			name = Debug;
		};
		859C0ED619E324D60084F76F /* Release */ = {
			isa = XCBuildConfiguration;
			baseConfigurationReference = 413216B2A05643029F16F069 /* Pods.xcconfig */;
			buildSettings = {
				ASSETCATALOG_COMPILER_APPICON_NAME = AppIcon;
				CLANG_ENABLE_MODULES = YES;
				INFOPLIST_FILE = Twitter/Info.plist;
				LD_RUNPATH_SEARCH_PATHS = "$(inherited) @executable_path/Frameworks";
				PRODUCT_NAME = "$(TARGET_NAME)";
				SWIFT_OBJC_BRIDGING_HEADER = "Twitter/Twitter-Bridging-Header.h";
			};
			name = Release;
		};
		859C0ED819E324D60084F76F /* Debug */ = {
			isa = XCBuildConfiguration;
			buildSettings = {
				BUNDLE_LOADER = "$(TEST_HOST)";
				FRAMEWORK_SEARCH_PATHS = (
					"$(SDKROOT)/Developer/Library/Frameworks",
					"$(inherited)",
				);
				GCC_PREPROCESSOR_DEFINITIONS = (
					"DEBUG=1",
					"$(inherited)",
				);
				INFOPLIST_FILE = TwitterTests/Info.plist;
				LD_RUNPATH_SEARCH_PATHS = "$(inherited) @executable_path/Frameworks @loader_path/Frameworks";
				PRODUCT_NAME = "$(TARGET_NAME)";
				TEST_HOST = "$(BUILT_PRODUCTS_DIR)/Twitter.app/Twitter";
			};
			name = Debug;
		};
		859C0ED919E324D60084F76F /* Release */ = {
			isa = XCBuildConfiguration;
			buildSettings = {
				BUNDLE_LOADER = "$(TEST_HOST)";
				FRAMEWORK_SEARCH_PATHS = (
					"$(SDKROOT)/Developer/Library/Frameworks",
					"$(inherited)",
				);
				INFOPLIST_FILE = TwitterTests/Info.plist;
				LD_RUNPATH_SEARCH_PATHS = "$(inherited) @executable_path/Frameworks @loader_path/Frameworks";
				PRODUCT_NAME = "$(TARGET_NAME)";
				TEST_HOST = "$(BUILT_PRODUCTS_DIR)/Twitter.app/Twitter";
			};
			name = Release;
		};
/* End XCBuildConfiguration section */

/* Begin XCConfigurationList section */
		859C0EB019E324D60084F76F /* Build configuration list for PBXProject "Twitter" */ = {
			isa = XCConfigurationList;
			buildConfigurations = (
				859C0ED219E324D60084F76F /* Debug */,
				859C0ED319E324D60084F76F /* Release */,
			);
			defaultConfigurationIsVisible = 0;
			defaultConfigurationName = Release;
		};
		859C0ED419E324D60084F76F /* Build configuration list for PBXNativeTarget "Twitter" */ = {
			isa = XCConfigurationList;
			buildConfigurations = (
				859C0ED519E324D60084F76F /* Debug */,
				859C0ED619E324D60084F76F /* Release */,
			);
			defaultConfigurationIsVisible = 0;
			defaultConfigurationName = Release;
		};
		859C0ED719E324D60084F76F /* Build configuration list for PBXNativeTarget "TwitterTests" */ = {
			isa = XCConfigurationList;
			buildConfigurations = (
				859C0ED819E324D60084F76F /* Debug */,
				859C0ED919E324D60084F76F /* Release */,
			);
			defaultConfigurationIsVisible = 0;
			defaultConfigurationName = Release;
		};
/* End XCConfigurationList section */
	};
	rootObject = 859C0EAD19E324D60084F76F /* Project object */;
}
